// !$*UTF8*$!
{
	archiveVersion = 1;
	classes = {
	};
	objectVersion = 46;
	objects = {

/* Begin PBXBuildFile section */
		7E93075D1AA8575D0069CCEF /* TickerTextfield.swift in Sources */ = {isa = PBXBuildFile; fileRef = 7E93075C1AA8575D0069CCEF /* TickerTextfield.swift */; };
		7E93075F1AA8585C0069CCEF /* HomeViewController.swift in Sources */ = {isa = PBXBuildFile; fileRef = 7E93075E1AA8585C0069CCEF /* HomeViewController.swift */; };
		7EC79FDB1AA8A1D600A4C7EE /* Roboto-Black.ttf in Resources */ = {isa = PBXBuildFile; fileRef = 7EC79FC91AA8A1D600A4C7EE /* Roboto-Black.ttf */; };
		7EC79FDC1AA8A1D600A4C7EE /* Roboto-BlackItalic.ttf in Resources */ = {isa = PBXBuildFile; fileRef = 7EC79FCA1AA8A1D600A4C7EE /* Roboto-BlackItalic.ttf */; };
		7EC79FDD1AA8A1D600A4C7EE /* Roboto-Bold.ttf in Resources */ = {isa = PBXBuildFile; fileRef = 7EC79FCB1AA8A1D600A4C7EE /* Roboto-Bold.ttf */; };
		7EC79FDE1AA8A1D600A4C7EE /* Roboto-BoldItalic.ttf in Resources */ = {isa = PBXBuildFile; fileRef = 7EC79FCC1AA8A1D600A4C7EE /* Roboto-BoldItalic.ttf */; };
		7EC79FDF1AA8A1D600A4C7EE /* Roboto-Italic.ttf in Resources */ = {isa = PBXBuildFile; fileRef = 7EC79FCD1AA8A1D600A4C7EE /* Roboto-Italic.ttf */; };
		7EC79FE01AA8A1D600A4C7EE /* Roboto-Light.ttf in Resources */ = {isa = PBXBuildFile; fileRef = 7EC79FCE1AA8A1D600A4C7EE /* Roboto-Light.ttf */; };
		7EC79FE11AA8A1D600A4C7EE /* Roboto-LightItalic.ttf in Resources */ = {isa = PBXBuildFile; fileRef = 7EC79FCF1AA8A1D600A4C7EE /* Roboto-LightItalic.ttf */; };
		7EC79FE21AA8A1D600A4C7EE /* Roboto-Medium.ttf in Resources */ = {isa = PBXBuildFile; fileRef = 7EC79FD01AA8A1D600A4C7EE /* Roboto-Medium.ttf */; };
		7EC79FE31AA8A1D600A4C7EE /* Roboto-MediumItalic.ttf in Resources */ = {isa = PBXBuildFile; fileRef = 7EC79FD11AA8A1D600A4C7EE /* Roboto-MediumItalic.ttf */; };
		7EC79FE41AA8A1D600A4C7EE /* Roboto-Regular.ttf in Resources */ = {isa = PBXBuildFile; fileRef = 7EC79FD21AA8A1D600A4C7EE /* Roboto-Regular.ttf */; };
		7EC79FE51AA8A1D600A4C7EE /* Roboto-Thin.ttf in Resources */ = {isa = PBXBuildFile; fileRef = 7EC79FD31AA8A1D600A4C7EE /* Roboto-Thin.ttf */; };
		7EC79FE61AA8A1D600A4C7EE /* Roboto-ThinItalic.ttf in Resources */ = {isa = PBXBuildFile; fileRef = 7EC79FD41AA8A1D600A4C7EE /* Roboto-ThinItalic.ttf */; };
		7EC79FE71AA8A1D600A4C7EE /* RobotoCondensed-Bold.ttf in Resources */ = {isa = PBXBuildFile; fileRef = 7EC79FD51AA8A1D600A4C7EE /* RobotoCondensed-Bold.ttf */; };
		7EC79FE81AA8A1D600A4C7EE /* RobotoCondensed-BoldItalic.ttf in Resources */ = {isa = PBXBuildFile; fileRef = 7EC79FD61AA8A1D600A4C7EE /* RobotoCondensed-BoldItalic.ttf */; };
		7EC79FE91AA8A1D600A4C7EE /* RobotoCondensed-Italic.ttf in Resources */ = {isa = PBXBuildFile; fileRef = 7EC79FD71AA8A1D600A4C7EE /* RobotoCondensed-Italic.ttf */; };
		7EC79FEA1AA8A1D600A4C7EE /* RobotoCondensed-Light.ttf in Resources */ = {isa = PBXBuildFile; fileRef = 7EC79FD81AA8A1D600A4C7EE /* RobotoCondensed-Light.ttf */; };
		7EC79FEB1AA8A1D600A4C7EE /* RobotoCondensed-LightItalic.ttf in Resources */ = {isa = PBXBuildFile; fileRef = 7EC79FD91AA8A1D600A4C7EE /* RobotoCondensed-LightItalic.ttf */; };
		7EC79FEC1AA8A1D600A4C7EE /* RobotoCondensed-Regular.ttf in Resources */ = {isa = PBXBuildFile; fileRef = 7EC79FDA1AA8A1D600A4C7EE /* RobotoCondensed-Regular.ttf */; };
		7ECE679C1AA84EFD00F2ACB6 /* Device.swift in Sources */ = {isa = PBXBuildFile; fileRef = 7ECE679A1AA84EFD00F2ACB6 /* Device.swift */; };
		7ECE679D1AA84EFD00F2ACB6 /* StatusBarHelper.swift in Sources */ = {isa = PBXBuildFile; fileRef = 7ECE679B1AA84EFD00F2ACB6 /* StatusBarHelper.swift */; };
		7ED2680E1AA86AC900082972 /* User.swift in Sources */ = {isa = PBXBuildFile; fileRef = 7ED2680D1AA86AC900082972 /* User.swift */; };
		7ED268101AA86D0D00082972 /* FriendCell.swift in Sources */ = {isa = PBXBuildFile; fileRef = 7ED2680F1AA86D0D00082972 /* FriendCell.swift */; };
		7EFB65D41AA8448F004CDE1E /* AppDelegate.swift in Sources */ = {isa = PBXBuildFile; fileRef = 7EFB65D31AA8448F004CDE1E /* AppDelegate.swift */; };
		7EFB65DB1AA8448F004CDE1E /* Images.xcassets in Resources */ = {isa = PBXBuildFile; fileRef = 7EFB65DA1AA8448F004CDE1E /* Images.xcassets */; };
		7EFB65DE1AA8448F004CDE1E /* LaunchScreen.xib in Resources */ = {isa = PBXBuildFile; fileRef = 7EFB65DC1AA8448F004CDE1E /* LaunchScreen.xib */; };
		7EFB65EA1AA8448F004CDE1E /* TickerTests.swift in Sources */ = {isa = PBXBuildFile; fileRef = 7EFB65E91AA8448F004CDE1E /* TickerTests.swift */; };
		7EFB65FB1AA845A2004CDE1E /* CreateUserController.swift in Sources */ = {isa = PBXBuildFile; fileRef = 7EFB65FA1AA845A2004CDE1E /* CreateUserController.swift */; };
		7EFB65FD1AA845AD004CDE1E /* Info.plist in Resources */ = {isa = PBXBuildFile; fileRef = 7EFB65FC1AA845AD004CDE1E /* Info.plist */; };
		7EFB65FF1AA84751004CDE1E /* StylesHelper.swift in Sources */ = {isa = PBXBuildFile; fileRef = 7EFB65FE1AA84751004CDE1E /* StylesHelper.swift */; };
		7EFB66031AA84C79004CDE1E /* KaedeTextField.swift in Sources */ = {isa = PBXBuildFile; fileRef = 7EFB66011AA84C79004CDE1E /* KaedeTextField.swift */; };
		7EFB66041AA84C79004CDE1E /* TextFieldsEffects.swift in Sources */ = {isa = PBXBuildFile; fileRef = 7EFB66021AA84C79004CDE1E /* TextFieldsEffects.swift */; };
		9288A82A343B22F86B6B0909 /* libPods.a in Frameworks */ = {isa = PBXBuildFile; fileRef = 5E61DE78DDE275D39713A733 /* libPods.a */; };
/* End PBXBuildFile section */

/* Begin PBXContainerItemProxy section */
		7EFB65E41AA8448F004CDE1E /* PBXContainerItemProxy */ = {
			isa = PBXContainerItemProxy;
			containerPortal = 7EFB65C61AA8448F004CDE1E /* Project object */;
			proxyType = 1;
			remoteGlobalIDString = 7EFB65CD1AA8448F004CDE1E;
			remoteInfo = Ticker;
		};
/* End PBXContainerItemProxy section */

/* Begin PBXFileReference section */
		5E61DE78DDE275D39713A733 /* libPods.a */ = {isa = PBXFileReference; explicitFileType = archive.ar; includeInIndex = 0; path = libPods.a; sourceTree = BUILT_PRODUCTS_DIR; };
		7E93075C1AA8575D0069CCEF /* TickerTextfield.swift */ = {isa = PBXFileReference; fileEncoding = 4; lastKnownFileType = sourcecode.swift; name = TickerTextfield.swift; path = Views/TickerTextfield.swift; sourceTree = "<group>"; };
		7E93075E1AA8585C0069CCEF /* HomeViewController.swift */ = {isa = PBXFileReference; fileEncoding = 4; lastKnownFileType = sourcecode.swift; name = HomeViewController.swift; path = Controllers/HomeViewController.swift; sourceTree = "<group>"; };
		7EC79FC91AA8A1D600A4C7EE /* Roboto-Black.ttf */ = {isa = PBXFileReference; lastKnownFileType = file; path = "Roboto-Black.ttf"; sourceTree = "<group>"; };
		7EC79FCA1AA8A1D600A4C7EE /* Roboto-BlackItalic.ttf */ = {isa = PBXFileReference; lastKnownFileType = file; path = "Roboto-BlackItalic.ttf"; sourceTree = "<group>"; };
		7EC79FCB1AA8A1D600A4C7EE /* Roboto-Bold.ttf */ = {isa = PBXFileReference; lastKnownFileType = file; path = "Roboto-Bold.ttf"; sourceTree = "<group>"; };
		7EC79FCC1AA8A1D600A4C7EE /* Roboto-BoldItalic.ttf */ = {isa = PBXFileReference; lastKnownFileType = file; path = "Roboto-BoldItalic.ttf"; sourceTree = "<group>"; };
		7EC79FCD1AA8A1D600A4C7EE /* Roboto-Italic.ttf */ = {isa = PBXFileReference; lastKnownFileType = file; path = "Roboto-Italic.ttf"; sourceTree = "<group>"; };
		7EC79FCE1AA8A1D600A4C7EE /* Roboto-Light.ttf */ = {isa = PBXFileReference; lastKnownFileType = file; path = "Roboto-Light.ttf"; sourceTree = "<group>"; };
		7EC79FCF1AA8A1D600A4C7EE /* Roboto-LightItalic.ttf */ = {isa = PBXFileReference; lastKnownFileType = file; path = "Roboto-LightItalic.ttf"; sourceTree = "<group>"; };
		7EC79FD01AA8A1D600A4C7EE /* Roboto-Medium.ttf */ = {isa = PBXFileReference; lastKnownFileType = file; path = "Roboto-Medium.ttf"; sourceTree = "<group>"; };
		7EC79FD11AA8A1D600A4C7EE /* Roboto-MediumItalic.ttf */ = {isa = PBXFileReference; lastKnownFileType = file; path = "Roboto-MediumItalic.ttf"; sourceTree = "<group>"; };
		7EC79FD21AA8A1D600A4C7EE /* Roboto-Regular.ttf */ = {isa = PBXFileReference; lastKnownFileType = file; path = "Roboto-Regular.ttf"; sourceTree = "<group>"; };
		7EC79FD31AA8A1D600A4C7EE /* Roboto-Thin.ttf */ = {isa = PBXFileReference; lastKnownFileType = file; path = "Roboto-Thin.ttf"; sourceTree = "<group>"; };
		7EC79FD41AA8A1D600A4C7EE /* Roboto-ThinItalic.ttf */ = {isa = PBXFileReference; lastKnownFileType = file; path = "Roboto-ThinItalic.ttf"; sourceTree = "<group>"; };
		7EC79FD51AA8A1D600A4C7EE /* RobotoCondensed-Bold.ttf */ = {isa = PBXFileReference; lastKnownFileType = file; path = "RobotoCondensed-Bold.ttf"; sourceTree = "<group>"; };
		7EC79FD61AA8A1D600A4C7EE /* RobotoCondensed-BoldItalic.ttf */ = {isa = PBXFileReference; lastKnownFileType = file; path = "RobotoCondensed-BoldItalic.ttf"; sourceTree = "<group>"; };
		7EC79FD71AA8A1D600A4C7EE /* RobotoCondensed-Italic.ttf */ = {isa = PBXFileReference; lastKnownFileType = file; path = "RobotoCondensed-Italic.ttf"; sourceTree = "<group>"; };
		7EC79FD81AA8A1D600A4C7EE /* RobotoCondensed-Light.ttf */ = {isa = PBXFileReference; lastKnownFileType = file; path = "RobotoCondensed-Light.ttf"; sourceTree = "<group>"; };
		7EC79FD91AA8A1D600A4C7EE /* RobotoCondensed-LightItalic.ttf */ = {isa = PBXFileReference; lastKnownFileType = file; path = "RobotoCondensed-LightItalic.ttf"; sourceTree = "<group>"; };
		7EC79FDA1AA8A1D600A4C7EE /* RobotoCondensed-Regular.ttf */ = {isa = PBXFileReference; lastKnownFileType = file; path = "RobotoCondensed-Regular.ttf"; sourceTree = "<group>"; };
		7ECE679A1AA84EFD00F2ACB6 /* Device.swift */ = {isa = PBXFileReference; fileEncoding = 4; lastKnownFileType = sourcecode.swift; name = Device.swift; path = Helpers/Device.swift; sourceTree = "<group>"; };
		7ECE679B1AA84EFD00F2ACB6 /* StatusBarHelper.swift */ = {isa = PBXFileReference; fileEncoding = 4; lastKnownFileType = sourcecode.swift; name = StatusBarHelper.swift; path = Helpers/StatusBarHelper.swift; sourceTree = "<group>"; };
		7ED268081AA861AF00082972 /* Ticker-Bridging-Header.h */ = {isa = PBXFileReference; lastKnownFileType = sourcecode.c.h; path = "Ticker-Bridging-Header.h"; sourceTree = "<group>"; };
		7ED2680D1AA86AC900082972 /* User.swift */ = {isa = PBXFileReference; fileEncoding = 4; lastKnownFileType = sourcecode.swift; path = User.swift; sourceTree = "<group>"; };
		7ED2680F1AA86D0D00082972 /* FriendCell.swift */ = {isa = PBXFileReference; fileEncoding = 4; lastKnownFileType = sourcecode.swift; name = FriendCell.swift; path = Views/FriendCell.swift; sourceTree = "<group>"; };
		7EFB65CE1AA8448F004CDE1E /* Ticker.app */ = {isa = PBXFileReference; explicitFileType = wrapper.application; includeInIndex = 0; path = Ticker.app; sourceTree = BUILT_PRODUCTS_DIR; };
		7EFB65D31AA8448F004CDE1E /* AppDelegate.swift */ = {isa = PBXFileReference; lastKnownFileType = sourcecode.swift; path = AppDelegate.swift; sourceTree = "<group>"; };
		7EFB65DA1AA8448F004CDE1E /* Images.xcassets */ = {isa = PBXFileReference; lastKnownFileType = folder.assetcatalog; path = Images.xcassets; sourceTree = "<group>"; };
		7EFB65DD1AA8448F004CDE1E /* Base */ = {isa = PBXFileReference; lastKnownFileType = file.xib; name = Base; path = Base.lproj/LaunchScreen.xib; sourceTree = "<group>"; };
		7EFB65E31AA8448F004CDE1E /* TickerTests.xctest */ = {isa = PBXFileReference; explicitFileType = wrapper.cfbundle; includeInIndex = 0; path = TickerTests.xctest; sourceTree = BUILT_PRODUCTS_DIR; };
		7EFB65E81AA8448F004CDE1E /* Info.plist */ = {isa = PBXFileReference; lastKnownFileType = text.plist.xml; path = Info.plist; sourceTree = "<group>"; };
		7EFB65E91AA8448F004CDE1E /* TickerTests.swift */ = {isa = PBXFileReference; lastKnownFileType = sourcecode.swift; path = TickerTests.swift; sourceTree = "<group>"; };
		7EFB65FA1AA845A2004CDE1E /* CreateUserController.swift */ = {isa = PBXFileReference; fileEncoding = 4; lastKnownFileType = sourcecode.swift; name = CreateUserController.swift; path = Controllers/CreateUserController.swift; sourceTree = "<group>"; };
		7EFB65FC1AA845AD004CDE1E /* Info.plist */ = {isa = PBXFileReference; fileEncoding = 4; lastKnownFileType = text.plist.xml; name = Info.plist; path = Resources/Info.plist; sourceTree = "<group>"; };
		7EFB65FE1AA84751004CDE1E /* StylesHelper.swift */ = {isa = PBXFileReference; fileEncoding = 4; lastKnownFileType = sourcecode.swift; name = StylesHelper.swift; path = Helpers/StylesHelper.swift; sourceTree = "<group>"; };
		7EFB66011AA84C79004CDE1E /* KaedeTextField.swift */ = {isa = PBXFileReference; fileEncoding = 4; lastKnownFileType = sourcecode.swift; path = KaedeTextField.swift; sourceTree = "<group>"; };
		7EFB66021AA84C79004CDE1E /* TextFieldsEffects.swift */ = {isa = PBXFileReference; fileEncoding = 4; lastKnownFileType = sourcecode.swift; path = TextFieldsEffects.swift; sourceTree = "<group>"; };
		AB46462EB88640EC5B6F9B3E /* Pods.debug.xcconfig */ = {isa = PBXFileReference; includeInIndex = 1; lastKnownFileType = text.xcconfig; name = Pods.debug.xcconfig; path = "Pods/Target Support Files/Pods/Pods.debug.xcconfig"; sourceTree = "<group>"; };
		B5437468CFFA104CDD3D6372 /* Pods.release.xcconfig */ = {isa = PBXFileReference; includeInIndex = 1; lastKnownFileType = text.xcconfig; name = Pods.release.xcconfig; path = "Pods/Target Support Files/Pods/Pods.release.xcconfig"; sourceTree = "<group>"; };
/* End PBXFileReference section */

/* Begin PBXFrameworksBuildPhase section */
		7EFB65CB1AA8448F004CDE1E /* Frameworks */ = {
			isa = PBXFrameworksBuildPhase;
			buildActionMask = 2147483647;
			files = (
				9288A82A343B22F86B6B0909 /* libPods.a in Frameworks */,
			);
			runOnlyForDeploymentPostprocessing = 0;
		};
		7EFB65E01AA8448F004CDE1E /* Frameworks */ = {
			isa = PBXFrameworksBuildPhase;
			buildActionMask = 2147483647;
			files = (
			);
			runOnlyForDeploymentPostprocessing = 0;
		};
/* End PBXFrameworksBuildPhase section */

/* Begin PBXGroup section */
		7A8E40295227FC2E5110EEC8 /* Frameworks */ = {
			isa = PBXGroup;
			children = (
				5E61DE78DDE275D39713A733 /* libPods.a */,
			);
			name = Frameworks;
			sourceTree = "<group>";
		};
		7EC79FC81AA8A1D600A4C7EE /* Fonts */ = {
			isa = PBXGroup;
			children = (
				7EC79FC91AA8A1D600A4C7EE /* Roboto-Black.ttf */,
				7EC79FCA1AA8A1D600A4C7EE /* Roboto-BlackItalic.ttf */,
				7EC79FCB1AA8A1D600A4C7EE /* Roboto-Bold.ttf */,
				7EC79FCC1AA8A1D600A4C7EE /* Roboto-BoldItalic.ttf */,
				7EC79FCD1AA8A1D600A4C7EE /* Roboto-Italic.ttf */,
				7EC79FCE1AA8A1D600A4C7EE /* Roboto-Light.ttf */,
				7EC79FCF1AA8A1D600A4C7EE /* Roboto-LightItalic.ttf */,
				7EC79FD01AA8A1D600A4C7EE /* Roboto-Medium.ttf */,
				7EC79FD11AA8A1D600A4C7EE /* Roboto-MediumItalic.ttf */,
				7EC79FD21AA8A1D600A4C7EE /* Roboto-Regular.ttf */,
				7EC79FD31AA8A1D600A4C7EE /* Roboto-Thin.ttf */,
				7EC79FD41AA8A1D600A4C7EE /* Roboto-ThinItalic.ttf */,
				7EC79FD51AA8A1D600A4C7EE /* RobotoCondensed-Bold.ttf */,
				7EC79FD61AA8A1D600A4C7EE /* RobotoCondensed-BoldItalic.ttf */,
				7EC79FD71AA8A1D600A4C7EE /* RobotoCondensed-Italic.ttf */,
				7EC79FD81AA8A1D600A4C7EE /* RobotoCondensed-Light.ttf */,
				7EC79FD91AA8A1D600A4C7EE /* RobotoCondensed-LightItalic.ttf */,
				7EC79FDA1AA8A1D600A4C7EE /* RobotoCondensed-Regular.ttf */,
			);
			name = Fonts;
			path = Resources/Fonts;
			sourceTree = "<group>";
		};
		7EFB65C51AA8448F004CDE1E = {
			isa = PBXGroup;
			children = (
				7EFB65D01AA8448F004CDE1E /* Ticker */,
				7EFB65E61AA8448F004CDE1E /* TickerTests */,
				7EFB65CF1AA8448F004CDE1E /* Products */,
				A872EF53E76E67FF9730EB7C /* Pods */,
				7A8E40295227FC2E5110EEC8 /* Frameworks */,
			);
			sourceTree = "<group>";
		};
		7EFB65CF1AA8448F004CDE1E /* Products */ = {
			isa = PBXGroup;
			children = (
				7EFB65CE1AA8448F004CDE1E /* Ticker.app */,
				7EFB65E31AA8448F004CDE1E /* TickerTests.xctest */,
			);
			name = Products;
			sourceTree = "<group>";
		};
		7EFB65D01AA8448F004CDE1E /* Ticker */ = {
			isa = PBXGroup;
			children = (
				7EFB65D31AA8448F004CDE1E /* AppDelegate.swift */,
				7EFB65F51AA844DD004CDE1E /* Controllers */,
				7EFB65F91AA84513004CDE1E /* Resources */,
				7EFB65F81AA84506004CDE1E /* Views */,
				7EFB65F71AA844FD004CDE1E /* Models */,
				7EFB65F61AA844F5004CDE1E /* Helpers */,
				7EFB66001AA84C79004CDE1E /* Vendor */,
				7EFB65DA1AA8448F004CDE1E /* Images.xcassets */,
				7EFB65DC1AA8448F004CDE1E /* LaunchScreen.xib */,
				7EFB65D11AA8448F004CDE1E /* Resources */,
			);
			path = Ticker;
			sourceTree = "<group>";
		};
		7EFB65D11AA8448F004CDE1E /* Resources */ = {
			isa = PBXGroup;
			children = (
				7EC79FC81AA8A1D600A4C7EE /* Fonts */,
				7EFB65FC1AA845AD004CDE1E /* Info.plist */,
				7ED268081AA861AF00082972 /* Ticker-Bridging-Header.h */,
			);
			name = Resources;
			sourceTree = "<group>";
		};
		7EFB65E61AA8448F004CDE1E /* TickerTests */ = {
			isa = PBXGroup;
			children = (
				7EFB65E91AA8448F004CDE1E /* TickerTests.swift */,
				7EFB65E71AA8448F004CDE1E /* Supporting Files */,
			);
			path = TickerTests;
			sourceTree = "<group>";
		};
		7EFB65E71AA8448F004CDE1E /* Supporting Files */ = {
			isa = PBXGroup;
			children = (
				7EFB65E81AA8448F004CDE1E /* Info.plist */,
			);
			name = "Supporting Files";
			sourceTree = "<group>";
		};
		7EFB65F51AA844DD004CDE1E /* Controllers */ = {
			isa = PBXGroup;
			children = (
				7EFB65FA1AA845A2004CDE1E /* CreateUserController.swift */,
				7E93075E1AA8585C0069CCEF /* HomeViewController.swift */,
			);
			name = Controllers;
			sourceTree = "<group>";
		};
		7EFB65F61AA844F5004CDE1E /* Helpers */ = {
			isa = PBXGroup;
			children = (
				7ECE679A1AA84EFD00F2ACB6 /* Device.swift */,
				7ECE679B1AA84EFD00F2ACB6 /* StatusBarHelper.swift */,
				7EFB65FE1AA84751004CDE1E /* StylesHelper.swift */,
			);
			name = Helpers;
			sourceTree = "<group>";
		};
		7EFB65F71AA844FD004CDE1E /* Models */ = {
			isa = PBXGroup;
			children = (
				7ED2680D1AA86AC900082972 /* User.swift */,
			);
			name = Models;
			sourceTree = "<group>";
		};
		7EFB65F81AA84506004CDE1E /* Views */ = {
			isa = PBXGroup;
			children = (
				7E93075C1AA8575D0069CCEF /* TickerTextfield.swift */,
				7ED2680F1AA86D0D00082972 /* FriendCell.swift */,
			);
			name = Views;
			sourceTree = "<group>";
		};
		7EFB65F91AA84513004CDE1E /* Resources */ = {
			isa = PBXGroup;
			children = (
			);
			name = Resources;
			sourceTree = "<group>";
		};
		7EFB66001AA84C79004CDE1E /* Vendor */ = {
			isa = PBXGroup;
			children = (
				7EFB66011AA84C79004CDE1E /* KaedeTextField.swift */,
				7EFB66021AA84C79004CDE1E /* TextFieldsEffects.swift */,
			);
			path = Vendor;
			sourceTree = "<group>";
		};
		A872EF53E76E67FF9730EB7C /* Pods */ = {
			isa = PBXGroup;
			children = (
				AB46462EB88640EC5B6F9B3E /* Pods.debug.xcconfig */,
				B5437468CFFA104CDD3D6372 /* Pods.release.xcconfig */,
			);
			name = Pods;
			sourceTree = "<group>";
		};
/* End PBXGroup section */

/* Begin PBXNativeTarget section */
		7EFB65CD1AA8448F004CDE1E /* Ticker */ = {
			isa = PBXNativeTarget;
			buildConfigurationList = 7EFB65ED1AA8448F004CDE1E /* Build configuration list for PBXNativeTarget "Ticker" */;
			buildPhases = (
				A50671788DB0CB1AEAD6226D /* Check Pods Manifest.lock */,
				7EFB65CA1AA8448F004CDE1E /* Sources */,
				7EFB65CB1AA8448F004CDE1E /* Frameworks */,
				7EFB65CC1AA8448F004CDE1E /* Resources */,
				972B159B2BF2476EC3FBF64A /* Copy Pods Resources */,
			);
			buildRules = (
			);
			dependencies = (
			);
			name = Ticker;
			productName = Ticker;
			productReference = 7EFB65CE1AA8448F004CDE1E /* Ticker.app */;
			productType = "com.apple.product-type.application";
		};
		7EFB65E21AA8448F004CDE1E /* TickerTests */ = {
			isa = PBXNativeTarget;
			buildConfigurationList = 7EFB65F01AA8448F004CDE1E /* Build configuration list for PBXNativeTarget "TickerTests" */;
			buildPhases = (
				7EFB65DF1AA8448F004CDE1E /* Sources */,
				7EFB65E01AA8448F004CDE1E /* Frameworks */,
				7EFB65E11AA8448F004CDE1E /* Resources */,
			);
			buildRules = (
			);
			dependencies = (
				7EFB65E51AA8448F004CDE1E /* PBXTargetDependency */,
			);
			name = TickerTests;
			productName = TickerTests;
			productReference = 7EFB65E31AA8448F004CDE1E /* TickerTests.xctest */;
			productType = "com.apple.product-type.bundle.unit-test";
		};
/* End PBXNativeTarget section */

/* Begin PBXProject section */
		7EFB65C61AA8448F004CDE1E /* Project object */ = {
			isa = PBXProject;
			attributes = {
				LastUpgradeCheck = 0610;
				ORGANIZATIONNAME = Tosti;
				TargetAttributes = {
					7EFB65CD1AA8448F004CDE1E = {
						CreatedOnToolsVersion = 6.1.1;
						DevelopmentTeam = 8NXRWSB7KU;
					};
					7EFB65E21AA8448F004CDE1E = {
						CreatedOnToolsVersion = 6.1.1;
						TestTargetID = 7EFB65CD1AA8448F004CDE1E;
					};
				};
			};
			buildConfigurationList = 7EFB65C91AA8448F004CDE1E /* Build configuration list for PBXProject "Ticker" */;
			compatibilityVersion = "Xcode 3.2";
			developmentRegion = English;
			hasScannedForEncodings = 0;
			knownRegions = (
				en,
				Base,
			);
			mainGroup = 7EFB65C51AA8448F004CDE1E;
			productRefGroup = 7EFB65CF1AA8448F004CDE1E /* Products */;
			projectDirPath = "";
			projectRoot = "";
			targets = (
				7EFB65CD1AA8448F004CDE1E /* Ticker */,
				7EFB65E21AA8448F004CDE1E /* TickerTests */,
			);
		};
/* End PBXProject section */

/* Begin PBXResourcesBuildPhase section */
		7EFB65CC1AA8448F004CDE1E /* Resources */ = {
			isa = PBXResourcesBuildPhase;
			buildActionMask = 2147483647;
			files = (
				7EC79FE61AA8A1D600A4C7EE /* Roboto-ThinItalic.ttf in Resources */,
				7EC79FE51AA8A1D600A4C7EE /* Roboto-Thin.ttf in Resources */,
				7EC79FEB1AA8A1D600A4C7EE /* RobotoCondensed-LightItalic.ttf in Resources */,
				7EFB65FD1AA845AD004CDE1E /* Info.plist in Resources */,
				7EFB65DE1AA8448F004CDE1E /* LaunchScreen.xib in Resources */,
				7EC79FE81AA8A1D600A4C7EE /* RobotoCondensed-BoldItalic.ttf in Resources */,
				7EC79FE91AA8A1D600A4C7EE /* RobotoCondensed-Italic.ttf in Resources */,
				7EC79FE11AA8A1D600A4C7EE /* Roboto-LightItalic.ttf in Resources */,
				7EC79FDD1AA8A1D600A4C7EE /* Roboto-Bold.ttf in Resources */,
				7EC79FEC1AA8A1D600A4C7EE /* RobotoCondensed-Regular.ttf in Resources */,
				7EC79FEA1AA8A1D600A4C7EE /* RobotoCondensed-Light.ttf in Resources */,
				7EC79FE31AA8A1D600A4C7EE /* Roboto-MediumItalic.ttf in Resources */,
				7EC79FDC1AA8A1D600A4C7EE /* Roboto-BlackItalic.ttf in Resources */,
				7EFB65DB1AA8448F004CDE1E /* Images.xcassets in Resources */,
				7EC79FDF1AA8A1D600A4C7EE /* Roboto-Italic.ttf in Resources */,
				7EC79FE71AA8A1D600A4C7EE /* RobotoCondensed-Bold.ttf in Resources */,
				7EC79FDE1AA8A1D600A4C7EE /* Roboto-BoldItalic.ttf in Resources */,
				7EC79FE21AA8A1D600A4C7EE /* Roboto-Medium.ttf in Resources */,
				7EC79FE41AA8A1D600A4C7EE /* Roboto-Regular.ttf in Resources */,
				7EC79FDB1AA8A1D600A4C7EE /* Roboto-Black.ttf in Resources */,
				7EC79FE01AA8A1D600A4C7EE /* Roboto-Light.ttf in Resources */,
			);
			runOnlyForDeploymentPostprocessing = 0;
		};
		7EFB65E11AA8448F004CDE1E /* Resources */ = {
			isa = PBXResourcesBuildPhase;
			buildActionMask = 2147483647;
			files = (
			);
			runOnlyForDeploymentPostprocessing = 0;
		};
/* End PBXResourcesBuildPhase section */

/* Begin PBXShellScriptBuildPhase section */
		972B159B2BF2476EC3FBF64A /* Copy Pods Resources */ = {
			isa = PBXShellScriptBuildPhase;
			buildActionMask = 2147483647;
			files = (
			);
			inputPaths = (
			);
			name = "Copy Pods Resources";
			outputPaths = (
			);
			runOnlyForDeploymentPostprocessing = 0;
			shellPath = /bin/sh;
			shellScript = "\"${SRCROOT}/Pods/Target Support Files/Pods/Pods-resources.sh\"\n";
			showEnvVarsInLog = 0;
		};
		A50671788DB0CB1AEAD6226D /* Check Pods Manifest.lock */ = {
			isa = PBXShellScriptBuildPhase;
			buildActionMask = 2147483647;
			files = (
			);
			inputPaths = (
			);
			name = "Check Pods Manifest.lock";
			outputPaths = (
			);
			runOnlyForDeploymentPostprocessing = 0;
			shellPath = /bin/sh;
			shellScript = "diff \"${PODS_ROOT}/../Podfile.lock\" \"${PODS_ROOT}/Manifest.lock\" > /dev/null\nif [[ $? != 0 ]] ; then\n    cat << EOM\nerror: The sandbox is not in sync with the Podfile.lock. Run 'pod install' or update your CocoaPods installation.\nEOM\n    exit 1\nfi\n";
			showEnvVarsInLog = 0;
		};
/* End PBXShellScriptBuildPhase section */

/* Begin PBXSourcesBuildPhase section */
		7EFB65CA1AA8448F004CDE1E /* Sources */ = {
			isa = PBXSourcesBuildPhase;
			buildActionMask = 2147483647;
			files = (
				7ED268101AA86D0D00082972 /* FriendCell.swift in Sources */,
				7EFB65FB1AA845A2004CDE1E /* CreateUserController.swift in Sources */,
				7EFB65FF1AA84751004CDE1E /* StylesHelper.swift in Sources */,
				7EFB66031AA84C79004CDE1E /* KaedeTextField.swift in Sources */,
				7E93075D1AA8575D0069CCEF /* TickerTextfield.swift in Sources */,
				7ECE679C1AA84EFD00F2ACB6 /* Device.swift in Sources */,
				7E93075F1AA8585C0069CCEF /* HomeViewController.swift in Sources */,
				7EFB65D41AA8448F004CDE1E /* AppDelegate.swift in Sources */,
				7EFB66041AA84C79004CDE1E /* TextFieldsEffects.swift in Sources */,
				7ED2680E1AA86AC900082972 /* User.swift in Sources */,
				7ECE679D1AA84EFD00F2ACB6 /* StatusBarHelper.swift in Sources */,
			);
			runOnlyForDeploymentPostprocessing = 0;
		};
		7EFB65DF1AA8448F004CDE1E /* Sources */ = {
			isa = PBXSourcesBuildPhase;
			buildActionMask = 2147483647;
			files = (
				7EFB65EA1AA8448F004CDE1E /* TickerTests.swift in Sources */,
			);
			runOnlyForDeploymentPostprocessing = 0;
		};
/* End PBXSourcesBuildPhase section */

/* Begin PBXTargetDependency section */
		7EFB65E51AA8448F004CDE1E /* PBXTargetDependency */ = {
			isa = PBXTargetDependency;
			target = 7EFB65CD1AA8448F004CDE1E /* Ticker */;
			targetProxy = 7EFB65E41AA8448F004CDE1E /* PBXContainerItemProxy */;
		};
/* End PBXTargetDependency section */

/* Begin PBXVariantGroup section */
		7EFB65DC1AA8448F004CDE1E /* LaunchScreen.xib */ = {
			isa = PBXVariantGroup;
			children = (
				7EFB65DD1AA8448F004CDE1E /* Base */,
			);
			name = LaunchScreen.xib;
			sourceTree = "<group>";
		};
/* End PBXVariantGroup section */

/* Begin XCBuildConfiguration section */
		7EFB65EB1AA8448F004CDE1E /* Debug */ = {
			isa = XCBuildConfiguration;
			buildSettings = {
				ALWAYS_SEARCH_USER_PATHS = NO;
				CLANG_CXX_LANGUAGE_STANDARD = "gnu++0x";
				CLANG_CXX_LIBRARY = "libc++";
				CLANG_ENABLE_MODULES = YES;
				CLANG_ENABLE_OBJC_ARC = YES;
				CLANG_WARN_BOOL_CONVERSION = YES;
				CLANG_WARN_CONSTANT_CONVERSION = YES;
				CLANG_WARN_DIRECT_OBJC_ISA_USAGE = YES_ERROR;
				CLANG_WARN_EMPTY_BODY = YES;
				CLANG_WARN_ENUM_CONVERSION = YES;
				CLANG_WARN_INT_CONVERSION = YES;
				CLANG_WARN_OBJC_ROOT_CLASS = YES_ERROR;
				CLANG_WARN_UNREACHABLE_CODE = YES;
				CLANG_WARN__DUPLICATE_METHOD_MATCH = YES;
				"CODE_SIGN_IDENTITY[sdk=iphoneos*]" = "iPhone Developer";
				COPY_PHASE_STRIP = NO;
				ENABLE_STRICT_OBJC_MSGSEND = YES;
				GCC_C_LANGUAGE_STANDARD = gnu99;
				GCC_DYNAMIC_NO_PIC = NO;
				GCC_OPTIMIZATION_LEVEL = 0;
				GCC_PREPROCESSOR_DEFINITIONS = (
					"DEBUG=1",
					"$(inherited)",
				);
				GCC_SYMBOLS_PRIVATE_EXTERN = NO;
				GCC_WARN_64_TO_32_BIT_CONVERSION = YES;
				GCC_WARN_ABOUT_RETURN_TYPE = YES_ERROR;
				GCC_WARN_UNDECLARED_SELECTOR = YES;
				GCC_WARN_UNINITIALIZED_AUTOS = YES_AGGRESSIVE;
				GCC_WARN_UNUSED_FUNCTION = YES;
				GCC_WARN_UNUSED_VARIABLE = YES;
				IPHONEOS_DEPLOYMENT_TARGET = 8.1;
				MTL_ENABLE_DEBUG_INFO = YES;
				ONLY_ACTIVE_ARCH = YES;
				SDKROOT = iphoneos;
				SWIFT_OPTIMIZATION_LEVEL = "-Onone";
			};
			name = Debug;
		};
		7EFB65EC1AA8448F004CDE1E /* Release */ = {
			isa = XCBuildConfiguration;
			buildSettings = {
				ALWAYS_SEARCH_USER_PATHS = NO;
				CLANG_CXX_LANGUAGE_STANDARD = "gnu++0x";
				CLANG_CXX_LIBRARY = "libc++";
				CLANG_ENABLE_MODULES = YES;
				CLANG_ENABLE_OBJC_ARC = YES;
				CLANG_WARN_BOOL_CONVERSION = YES;
				CLANG_WARN_CONSTANT_CONVERSION = YES;
				CLANG_WARN_DIRECT_OBJC_ISA_USAGE = YES_ERROR;
				CLANG_WARN_EMPTY_BODY = YES;
				CLANG_WARN_ENUM_CONVERSION = YES;
				CLANG_WARN_INT_CONVERSION = YES;
				CLANG_WARN_OBJC_ROOT_CLASS = YES_ERROR;
				CLANG_WARN_UNREACHABLE_CODE = YES;
				CLANG_WARN__DUPLICATE_METHOD_MATCH = YES;
				"CODE_SIGN_IDENTITY[sdk=iphoneos*]" = "iPhone Developer";
				COPY_PHASE_STRIP = YES;
				ENABLE_NS_ASSERTIONS = NO;
				ENABLE_STRICT_OBJC_MSGSEND = YES;
				GCC_C_LANGUAGE_STANDARD = gnu99;
				GCC_WARN_64_TO_32_BIT_CONVERSION = YES;
				GCC_WARN_ABOUT_RETURN_TYPE = YES_ERROR;
				GCC_WARN_UNDECLARED_SELECTOR = YES;
				GCC_WARN_UNINITIALIZED_AUTOS = YES_AGGRESSIVE;
				GCC_WARN_UNUSED_FUNCTION = YES;
				GCC_WARN_UNUSED_VARIABLE = YES;
				IPHONEOS_DEPLOYMENT_TARGET = 8.1;
				MTL_ENABLE_DEBUG_INFO = NO;
				SDKROOT = iphoneos;
				VALIDATE_PRODUCT = YES;
			};
			name = Release;
		};
		7EFB65EE1AA8448F004CDE1E /* Debug */ = {
			isa = XCBuildConfiguration;
			baseConfigurationReference = AB46462EB88640EC5B6F9B3E /* Pods.debug.xcconfig */;
			buildSettings = {
				ASSETCATALOG_COMPILER_APPICON_NAME = AppIcon;
				CLANG_ENABLE_MODULES = YES;
				INFOPLIST_FILE = Ticker/resources/Info.plist;
				LD_RUNPATH_SEARCH_PATHS = "$(inherited) @executable_path/Frameworks";
				PRODUCT_NAME = "$(TARGET_NAME)";
				SWIFT_OBJC_BRIDGING_HEADER = "Ticker/Ticker-Bridging-Header.h";
				SWIFT_OPTIMIZATION_LEVEL = "-Onone";
			};
			name = Debug;
		};
		7EFB65EF1AA8448F004CDE1E /* Release */ = {
			isa = XCBuildConfiguration;
			baseConfigurationReference = B5437468CFFA104CDD3D6372 /* Pods.release.xcconfig */;
			buildSettings = {
				ASSETCATALOG_COMPILER_APPICON_NAME = AppIcon;
				CLANG_ENABLE_MODULES = YES;
				INFOPLIST_FILE = Ticker/resources/Info.plist;
				LD_RUNPATH_SEARCH_PATHS = "$(inherited) @executable_path/Frameworks";
				PRODUCT_NAME = "$(TARGET_NAME)";
				SWIFT_OBJC_BRIDGING_HEADER = "Ticker/Ticker-Bridging-Header.h";
			};
			name = Release;
		};
		7EFB65F11AA8448F004CDE1E /* Debug */ = {
			isa = XCBuildConfiguration;
			buildSettings = {
				BUNDLE_LOADER = "$(TEST_HOST)";
				FRAMEWORK_SEARCH_PATHS = (
					"$(SDKROOT)/Developer/Library/Frameworks",
					"$(inherited)",
				);
				GCC_PREPROCESSOR_DEFINITIONS = (
					"DEBUG=1",
					"$(inherited)",
				);
				INFOPLIST_FILE = TickerTests/Info.plist;
				LD_RUNPATH_SEARCH_PATHS = "$(inherited) @executable_path/Frameworks @loader_path/Frameworks";
				PRODUCT_NAME = "$(TARGET_NAME)";
				TEST_HOST = "$(BUILT_PRODUCTS_DIR)/Ticker.app/Ticker";
			};
			name = Debug;
		};
		7EFB65F21AA8448F004CDE1E /* Release */ = {
			isa = XCBuildConfiguration;
			buildSettings = {
				BUNDLE_LOADER = "$(TEST_HOST)";
				FRAMEWORK_SEARCH_PATHS = (
					"$(SDKROOT)/Developer/Library/Frameworks",
					"$(inherited)",
				);
				INFOPLIST_FILE = TickerTests/Info.plist;
				LD_RUNPATH_SEARCH_PATHS = "$(inherited) @executable_path/Frameworks @loader_path/Frameworks";
				PRODUCT_NAME = "$(TARGET_NAME)";
				TEST_HOST = "$(BUILT_PRODUCTS_DIR)/Ticker.app/Ticker";
			};
			name = Release;
		};
/* End XCBuildConfiguration section */

/* Begin XCConfigurationList section */
		7EFB65C91AA8448F004CDE1E /* Build configuration list for PBXProject "Ticker" */ = {
			isa = XCConfigurationList;
			buildConfigurations = (
				7EFB65EB1AA8448F004CDE1E /* Debug */,
				7EFB65EC1AA8448F004CDE1E /* Release */,
			);
			defaultConfigurationIsVisible = 0;
			defaultConfigurationName = Release;
		};
		7EFB65ED1AA8448F004CDE1E /* Build configuration list for PBXNativeTarget "Ticker" */ = {
			isa = XCConfigurationList;
			buildConfigurations = (
				7EFB65EE1AA8448F004CDE1E /* Debug */,
				7EFB65EF1AA8448F004CDE1E /* Release */,
			);
			defaultConfigurationIsVisible = 0;
			defaultConfigurationName = Release;
		};
		7EFB65F01AA8448F004CDE1E /* Build configuration list for PBXNativeTarget "TickerTests" */ = {
			isa = XCConfigurationList;
			buildConfigurations = (
				7EFB65F11AA8448F004CDE1E /* Debug */,
				7EFB65F21AA8448F004CDE1E /* Release */,
			);
			defaultConfigurationIsVisible = 0;
			defaultConfigurationName = Release;
		};
/* End XCConfigurationList section */
	};
	rootObject = 7EFB65C61AA8448F004CDE1E /* Project object */;
}
